
Microsoft Visual Studio Solution File, Format Version 12.00
# Visual Studio 15
Project("{FAE04EC0-301F-11D3-BF4B-00C04F79EFBC}") = "Assembly-CSharp-Editor", "Assembly-CSharp-Editor.csproj", "{95EA11ED-C50E-3C62-F0E9-25717E63DD9D}"
EndProject
Project("{FAE04EC0-301F-11D3-BF4B-00C04F79EFBC}") = "Assembly-CSharp", "Assembly-CSharp.csproj", "{42A15AED-7C6C-A1B8-ABA5-3AA250990750}"
EndProject
Global
	GlobalSection(SolutionConfigurationPlatforms) = preSolution
		Debug|Any CPU = Debug|Any CPU
		Release|Any CPU = Release|Any CPU
	EndGlobalSection
	GlobalSection(ProjectConfigurationPlatforms) = postSolution
		{95EA11ED-C50E-3C62-F0E9-25717E63DD9D}.Debug|Any CPU.ActiveCfg = Debug|Any CPU
		{95EA11ED-C50E-3C62-F0E9-25717E63DD9D}.Debug|Any CPU.Build.0 = Debug|Any CPU
		{95EA11ED-C50E-3C62-F0E9-25717E63DD9D}.Release|Any CPU.ActiveCfg = Release|Any CPU
		{95EA11ED-C50E-3C62-F0E9-25717E63DD9D}.Release|Any CPU.Build.0 = Release|Any CPU
		{42A15AED-7C6C-A1B8-ABA5-3AA250990750}.Debug|Any CPU.ActiveCfg = Debug|Any CPU
		{42A15AED-7C6C-A1B8-ABA5-3AA250990750}.Debug|Any CPU.Build.0 = Debug|Any CPU
		{42A15AED-7C6C-A1B8-ABA5-3AA250990750}.Release|Any CPU.ActiveCfg = Release|Any CPU
		{42A15AED-7C6C-A1B8-ABA5-3AA250990750}.Release|Any CPU.Build.0 = Release|Any CPU
	EndGlobalSection
	GlobalSection(SolutionProperties) = preSolution
		HideSolutionNode = FALSE
	EndGlobalSection
EndGlobal
